{
  "name": "@dadi/api-wrapper-core",
  "version": "4.2.2",
  "lockfileVersion": 3,
  "requires": true,
  "packages": {
    "": {
      "version": "4.2.2",
      "license": "GPL",
      "dependencies": {
        "query-string": "9.5.0",
        "url-parse": "1.4.3"
      }
    },
    "node_modules/decode-uri-component": {
      "version": "0.5.0",
      "resolved": "https://registry.npmjs.org/decode-uri-component/-/decode-uri-component-0.5.0.tgz",
      "integrity": "sha512-1BiQVoK8C9gUbQU6NzAtO/tkz2qOFpEObMWpcFvhx4fYnj4Oc5yzaJN/LD36ihkVUdXyh5ZekzX+yM+ty/SrPg==",
      "license": "MIT",
      "engines": {
        "node": ">=14.16"
      }
    },
    "node_modules/filter-obj": {
      "version": "5.1.0",
      "resolved": "https://registry.npmjs.org/filter-obj/-/filter-obj-5.1.0.tgz",
      "integrity": "sha512-qWeTREPoT7I0bifpPUXtxkZJ1XJzxWtfoWWkdVGqa+eCr3SHW/Ocp89o8vLvbUuQnadybJpjOKu4V+RwO6sGng==",
      "license": "MIT",
      "engines": {
        "node": ">=14.16"
      },
      "funding": {
        "url": "https://github.com/sponsors/sindresorhus"
      }
    },
    "node_modules/query-string": {
      "version": "9.5.0",
      "resolved": "https://registry.npmjs.org/query-string/-/query-string-9.5.0.tgz",
      "integrity": "sha512-YlJmwNyi0RGYjlxYcuDncMsxFU7YyutbuI7gTm8ySxIGBlwx5yiBCOD5ig9ZNoHkawk/1Dey0N5mEfcUybMVAA==",
      "license": "MIT",
      "dependencies": {
        "decode-uri-component": "^0.5.0",
        "filter-obj": "^5.1.0",
        "split-on-first": "^3.0.0"
      },
      "engines": {
        "node": ">=18"
      },
      "funding": {
        "url": "https://github.com/sponsors/sindresorhus"
      }
    },
    "node_modules/querystringify": {
      "version": "2.1.1",
      "resolved": "https://registry.npmjs.org/querystringify/-/querystringify-2.1.1.tgz",
      "integrity": "sha512-w7fLxIRCRT7U8Qu53jQnJyPkYZIaR4n5151KMfcJlO/A9397Wxb1amJvROTK6TOnp7PfoAmg/qXiNHI+08jRfA=="
    },
    "node_modules/requires-port": {
      "version": "1.0.0",
      "resolved": "https://registry.npmjs.org/requires-port/-/requires-port-1.0.0.tgz",
      "integrity": "sha1-kl0mAdOaxIXgkc8NpcbmlNw9yv8="
    },
    "node_modules/split-on-first": {
      "version": "3.0.0",
      "resolved": "https://registry.npmjs.org/split-on-first/-/split-on-first-3.0.0.tgz",
      "integrity": "sha512-qxQJTx2ryR0Dw0ITYyekNQWpz6f8dGd7vffGNflQQ3Iqj9NJ6qiZ7ELpZsJ/QBhIVAiDfXdag3+Gp8RvWa62AA==",
      "license": "MIT",
      "engines": {
        "node": ">=12"
      },
      "funding": {
        "url": "https://github.com/sponsors/sindresorhus"
      }
    },
    "node_modules/url-parse": {
      "version": "1.4.3",
      "resolved": "https://registry.npmjs.org/url-parse/-/url-parse-1.4.3.tgz",
      "integrity": "sha512-rh+KuAW36YKo0vClhQzLLveoj8FwPJNu65xLb7Mrt+eZht0IPT0IXgSv8gcMegZ6NvjJUALf6Mf25POlMwD1Fw==",
      "dependencies": {
        "querystringify": "^2.0.0",
        "requires-port": "^1.0.0"
      }
    }
  }
}
